
Microsoft Visual Studio Solution File, Format Version 12.00
# Visual Studio 2013
VisualStudioVersion = 12.0.21005.1
MinimumVisualStudioVersion = 10.0.40219.1
Project("{FAE04EC0-301F-11D3-BF4B-00C04F79EFBC}") = "ToxicantDBPro", "ToxicantDB\ToxicantDBPro.csproj", "{CA3BDFDB-BCFA-4CA0-8DF4-B8A9724197A8}"
EndProject
Project("{FAE04EC0-301F-11D3-BF4B-00C04F79EFBC}") = "DAL", "DAL\DAL.csproj", "{3BED176C-01DA-45F9-8706-664BC584E48F}"
EndProject
Project("{FAE04EC0-301F-11D3-BF4B-00C04F79EFBC}") = "BLL", "BLL\BLL.csproj", "{93902A8D-DA43-4FF7-A48D-564CD0DC2931}"
EndProject
Project("{FAE04EC0-301F-11D3-BF4B-00C04F79EFBC}") = "Models", "Models\Models.csproj", "{782E126A-E5D7-4FD5-A2E2-A697B1CA03E4}"
EndProject
Project("{FAE04EC0-301F-11D3-BF4B-00C04F79EFBC}") = "Common", "Common\Common.csproj", "{767C5EBD-2F1C-4084-A496-72D7FF05480C}"
EndProject
Project("{FAE04EC0-301F-11D3-BF4B-00C04F79EFBC}") = "DBUtility", "DBUtility\DBUtility.csproj", "{704F2A0D-9893-4D05-AFE8-8B446E57FC0B}"
EndProject
Project("{6141683F-8A12-4E36-9623-2EB02B2C2303}") = "Setup1", "Setup1\Setup1.isproj", "{C47CFFAD-1793-41C6-A06A-C7AA24FFBB16}"
	ProjectSection(ProjectDependencies) = postProject
		{CA3BDFDB-BCFA-4CA0-8DF4-B8A9724197A8} = {CA3BDFDB-BCFA-4CA0-8DF4-B8A9724197A8}
	EndProjectSection
EndProject
Project("{2150E333-8FDC-42A3-9474-1A3956D46DE8}") = "Solution Items", "Solution Items", "{405E5CAE-B2DA-4B25-A325-FFDF1CA50BB0}"
	ProjectSection(SolutionItems) = preProject
		DatabaseSystem.ico = DatabaseSystem.ico
	EndProjectSection
EndProject
Global
	GlobalSection(SolutionConfigurationPlatforms) = preSolution
		CD_ROM|Any CPU = CD_ROM|Any CPU
		Debug|Any CPU = Debug|Any CPU
		DVD-5|Any CPU = DVD-5|Any CPU
		Release|Any CPU = Release|Any CPU
		SingleImage|Any CPU = SingleImage|Any CPU
	EndGlobalSection
	GlobalSection(ProjectConfigurationPlatforms) = postSolution
		{CA3BDFDB-BCFA-4CA0-8DF4-B8A9724197A8}.CD_ROM|Any CPU.ActiveCfg = Release|Any CPU
		{CA3BDFDB-BCFA-4CA0-8DF4-B8A9724197A8}.CD_ROM|Any CPU.Build.0 = Release|Any CPU
		{CA3BDFDB-BCFA-4CA0-8DF4-B8A9724197A8}.Debug|Any CPU.ActiveCfg = Debug|Any CPU
		{CA3BDFDB-BCFA-4CA0-8DF4-B8A9724197A8}.Debug|Any CPU.Build.0 = Debug|Any CPU
		{CA3BDFDB-BCFA-4CA0-8DF4-B8A9724197A8}.DVD-5|Any CPU.ActiveCfg = Debug|Any CPU
		{CA3BDFDB-BCFA-4CA0-8DF4-B8A9724197A8}.DVD-5|Any CPU.Build.0 = Debug|Any CPU
		{CA3BDFDB-BCFA-4CA0-8DF4-B8A9724197A8}.Release|Any CPU.ActiveCfg = Release|Any CPU
		{CA3BDFDB-BCFA-4CA0-8DF4-B8A9724197A8}.Release|Any CPU.Build.0 = Release|Any CPU
		{CA3BDFDB-BCFA-4CA0-8DF4-B8A9724197A8}.SingleImage|Any CPU.ActiveCfg = Release|Any CPU
		{CA3BDFDB-BCFA-4CA0-8DF4-B8A9724197A8}.SingleImage|Any CPU.Build.0 = Release|Any CPU
		{3BED176C-01DA-45F9-8706-664BC584E48F}.CD_ROM|Any CPU.ActiveCfg = Release|Any CPU
		{3BED176C-01DA-45F9-8706-664BC584E48F}.CD_ROM|Any CPU.Build.0 = Release|Any CPU
		{3BED176C-01DA-45F9-8706-664BC584E48F}.Debug|Any CPU.ActiveCfg = Debug|Any CPU
		{3BED176C-01DA-45F9-8706-664BC584E48F}.Debug|Any CPU.Build.0 = Debug|Any CPU
		{3BED176C-01DA-45F9-8706-664BC584E48F}.DVD-5|Any CPU.ActiveCfg = Debug|Any CPU
		{3BED176C-01DA-45F9-8706-664BC584E48F}.DVD-5|Any CPU.Build.0 = Debug|Any CPU
		{3BED176C-01DA-45F9-8706-664BC584E48F}.Release|Any CPU.ActiveCfg = Release|Any CPU
		{3BED176C-01DA-45F9-8706-664BC584E48F}.Release|Any CPU.Build.0 = Release|Any CPU
		{3BED176C-01DA-45F9-8706-664BC584E48F}.SingleImage|Any CPU.ActiveCfg = Release|Any CPU
		{3BED176C-01DA-45F9-8706-664BC584E48F}.SingleImage|Any CPU.Build.0 = Release|Any CPU
		{93902A8D-DA43-4FF7-A48D-564CD0DC2931}.CD_ROM|Any CPU.ActiveCfg = Release|Any CPU
		{93902A8D-DA43-4FF7-A48D-564CD0DC2931}.CD_ROM|Any CPU.Build.0 = Release|Any CPU
		{93902A8D-DA43-4FF7-A48D-564CD0DC2931}.Debug|Any CPU.ActiveCfg = Debug|Any CPU
		{93902A8D-DA43-4FF7-A48D-564CD0DC2931}.Debug|Any CPU.Build.0 = Debug|Any CPU
		{93902A8D-DA43-4FF7-A48D-564CD0DC2931}.DVD-5|Any CPU.ActiveCfg = Debug|Any CPU
		{93902A8D-DA43-4FF7-A48D-564CD0DC2931}.DVD-5|Any CPU.Build.0 = Debug|Any CPU
		{93902A8D-DA43-4FF7-A48D-564CD0DC2931}.Release|Any CPU.ActiveCfg = Release|Any CPU
		{93902A8D-DA43-4FF7-A48D-564CD0DC2931}.Release|Any CPU.Build.0 = Release|Any CPU
		{93902A8D-DA43-4FF7-A48D-564CD0DC2931}.SingleImage|Any CPU.ActiveCfg = Release|Any CPU
		{93902A8D-DA43-4FF7-A48D-564CD0DC2931}.SingleImage|Any CPU.Build.0 = Release|Any CPU
		{782E126A-E5D7-4FD5-A2E2-A697B1CA03E4}.CD_ROM|Any CPU.ActiveCfg = Release|Any CPU
		{782E126A-E5D7-4FD5-A2E2-A697B1CA03E4}.CD_ROM|Any CPU.Build.0 = Release|Any CPU
		{782E126A-E5D7-4FD5-A2E2-A697B1CA03E4}.Debug|Any CPU.ActiveCfg = Debug|Any CPU
		{782E126A-E5D7-4FD5-A2E2-A697B1CA03E4}.Debug|Any CPU.Build.0 = Debug|Any CPU
		{782E126A-E5D7-4FD5-A2E2-A697B1CA03E4}.DVD-5|Any CPU.ActiveCfg = Debug|Any CPU
		{782E126A-E5D7-4FD5-A2E2-A697B1CA03E4}.DVD-5|Any CPU.Build.0 = Debug|Any CPU
		{782E126A-E5D7-4FD5-A2E2-A697B1CA03E4}.Release|Any CPU.ActiveCfg = Release|Any CPU
		{782E126A-E5D7-4FD5-A2E2-A697B1CA03E4}.Release|Any CPU.Build.0 = Release|Any CPU
		{782E126A-E5D7-4FD5-A2E2-A697B1CA03E4}.SingleImage|Any CPU.ActiveCfg = Release|Any CPU
		{782E126A-E5D7-4FD5-A2E2-A697B1CA03E4}.SingleImage|Any CPU.Build.0 = Release|Any CPU
		{767C5EBD-2F1C-4084-A496-72D7FF05480C}.CD_ROM|Any CPU.ActiveCfg = Release|Any CPU
		{767C5EBD-2F1C-4084-A496-72D7FF05480C}.CD_ROM|Any CPU.Build.0 = Release|Any CPU
		{767C5EBD-2F1C-4084-A496-72D7FF05480C}.Debug|Any CPU.ActiveCfg = Debug|Any CPU
		{767C5EBD-2F1C-4084-A496-72D7FF05480C}.Debug|Any CPU.Build.0 = Debug|Any CPU
		{767C5EBD-2F1C-4084-A496-72D7FF05480C}.DVD-5|Any CPU.ActiveCfg = Debug|Any CPU
		{767C5EBD-2F1C-4084-A496-72D7FF05480C}.DVD-5|Any CPU.Build.0 = Debug|Any CPU
		{767C5EBD-2F1C-4084-A496-72D7FF05480C}.Release|Any CPU.ActiveCfg = Release|Any CPU
		{767C5EBD-2F1C-4084-A496-72D7FF05480C}.Release|Any CPU.Build.0 = Release|Any CPU
		{767C5EBD-2F1C-4084-A496-72D7FF05480C}.SingleImage|Any CPU.ActiveCfg = Release|Any CPU
		{767C5EBD-2F1C-4084-A496-72D7FF05480C}.SingleImage|Any CPU.Build.0 = Release|Any CPU
		{704F2A0D-9893-4D05-AFE8-8B446E57FC0B}.CD_ROM|Any CPU.ActiveCfg = Release|Any CPU
		{704F2A0D-9893-4D05-AFE8-8B446E57FC0B}.CD_ROM|Any CPU.Build.0 = Release|Any CPU
		{704F2A0D-9893-4D05-AFE8-8B446E57FC0B}.Debug|Any CPU.ActiveCfg = Debug|Any CPU
		{704F2A0D-9893-4D05-AFE8-8B446E57FC0B}.Debug|Any CPU.Build.0 = Debug|Any CPU
		{704F2A0D-9893-4D05-AFE8-8B446E57FC0B}.DVD-5|Any CPU.ActiveCfg = Debug|Any CPU
		{704F2A0D-9893-4D05-AFE8-8B446E57FC0B}.DVD-5|Any CPU.Build.0 = Debug|Any CPU
		{704F2A0D-9893-4D05-AFE8-8B446E57FC0B}.Release|Any CPU.ActiveCfg = Release|Any CPU
		{704F2A0D-9893-4D05-AFE8-8B446E57FC0B}.Release|Any CPU.Build.0 = Release|Any CPU
		{704F2A0D-9893-4D05-AFE8-8B446E57FC0B}.SingleImage|Any CPU.ActiveCfg = Release|Any CPU
		{704F2A0D-9893-4D05-AFE8-8B446E57FC0B}.SingleImage|Any CPU.Build.0 = Release|Any CPU
		{C47CFFAD-1793-41C6-A06A-C7AA24FFBB16}.CD_ROM|Any CPU.ActiveCfg = CD_ROM
		{C47CFFAD-1793-41C6-A06A-C7AA24FFBB16}.CD_ROM|Any CPU.Build.0 = CD_ROM
		{C47CFFAD-1793-41C6-A06A-C7AA24FFBB16}.Debug|Any CPU.ActiveCfg = DVD-5
		{C47CFFAD-1793-41C6-A06A-C7AA24FFBB16}.Debug|Any CPU.Build.0 = DVD-5
		{C47CFFAD-1793-41C6-A06A-C7AA24FFBB16}.DVD-5|Any CPU.ActiveCfg = DVD-5
		{C47CFFAD-1793-41C6-A06A-C7AA24FFBB16}.DVD-5|Any CPU.Build.0 = DVD-5
		{C47CFFAD-1793-41C6-A06A-C7AA24FFBB16}.Release|Any CPU.ActiveCfg = SingleImage
		{C47CFFAD-1793-41C6-A06A-C7AA24FFBB16}.Release|Any CPU.Build.0 = SingleImage
		{C47CFFAD-1793-41C6-A06A-C7AA24FFBB16}.SingleImage|Any CPU.ActiveCfg = SingleImage
		{C47CFFAD-1793-41C6-A06A-C7AA24FFBB16}.SingleImage|Any CPU.Build.0 = SingleImage
	EndGlobalSection
	GlobalSection(SolutionProperties) = preSolution
		HideSolutionNode = FALSE
	EndGlobalSection
EndGlobal
